PODS:
  - Alamofire (5.4.1)
  - Moya (14.0.0):
    - Moya/Core (= 14.0.0)
  - Moya/Core (14.0.0):
    - Alamofire (~> 5.0)
  - Moya/RxSwift (14.0.0):
    - Moya/Core
    - RxSwift (~> 5.0)
  - "NSObject+Rx (5.0.2)":
    - RxSwift (~> 5.0)
  - RxCocoa (5.0.0):
    - RxRelay (~> 5)
    - RxSwift (~> 5)
  - RxOptional (4.1.0):
    - RxCocoa (~> 5)
    - RxSwift (~> 5)
  - RxRelay (5.1.1):
    - RxSwift (~> 5)
  - RxSwift (5.0.0)
  - SDWebImage (5.10.3):
    - SDWebImage/Core (= 5.10.3)
  - SDWebImage/Core (5.10.3)
  - SnapKit (5.0.1)

DEPENDENCIES:
  - Moya (~> 14.0)
  - Moya/RxSwift (~> 14.0)
  - "NSObject+Rx"
  - RxCocoa (= 5.0.0)
  - RxOptional
  - RxSwift (= 5.0.0)
  - SDWebImage
  - SnapKit (~> 5.0.0)

SPEC REPOS:
  trunk:
    - Alamofire
    - Moya
    - "NSObject+Rx"
    - RxCocoa
    - RxOptional
    - RxRelay
    - RxSwift
    - SDWebImage
    - SnapKit

SPEC CHECKSUMS:
  Alamofire: 2291f7d21ca607c491dd17642e5d40fdcda0e65c
  Moya: 5b45dacb75adb009f97fde91c204c1e565d31916
  "NSObject+Rx": 2eb2cf51fd1c554118449a7fbc36e4cd620b9e94
  RxCocoa: fcf32050ac00d801f34a7f71d5e8e7f23026dcd8
  RxOptional: b1fcd60856807a564c0215c2184b8d33e7826dc2
  RxRelay: d77f7d771495f43c556cbc43eebd1bb54d01e8e9
  RxSwift: 8b0671caa829a763bbce7271095859121cbd895f
  SDWebImage: e378178472b735e84b007bfb55514c97948a0598
  SnapKit: 97b92857e3df3a0c71833cce143274bf6ef8e5eb

PODFILE CHECKSUM: ff994de8db33a03abcdddaf5f521302ed8e0736f

COCOAPODS: 1.9.3
